
Microsoft Visual Studio Solution File, Format Version 12.00
# Visual Studio Version 17
VisualStudioVersion = 17.0.31903.59
MinimumVisualStudioVersion = 10.0.40219.1
Project("{FAE04EC0-301F-11D3-BF4B-00C04F79EFBC}") = "OmniUpdate.Api", "OmniUpdate.Api\OmniUpdate.Api.csproj", "{C67912F0-6215-456E-89F4-AA46D658F5C0}"
EndProject
Project("{FAE04EC0-301F-11D3-BF4B-00C04F79EFBC}") = "OmniUpdate.Core", "OmniUpdate.Core\OmniUpdate.Core.csproj", "{E630C341-26C9-47C0-98B0-9AAEC69429C5}"
EndProject
Global
	GlobalSection(SolutionConfigurationPlatforms) = preSolution
		Debug|Any CPU = Debug|Any CPU
		Release|Any CPU = Release|Any CPU
	EndGlobalSection
	GlobalSection(SolutionProperties) = preSolution
		HideSolutionNode = FALSE
	EndGlobalSection
	GlobalSection(ProjectConfigurationPlatforms) = postSolution
		{C67912F0-6215-456E-89F4-AA46D658F5C0}.Debug|Any CPU.ActiveCfg = Debug|Any CPU
		{C67912F0-6215-456E-89F4-AA46D658F5C0}.Debug|Any CPU.Build.0 = Debug|Any CPU
		{C67912F0-6215-456E-89F4-AA46D658F5C0}.Release|Any CPU.ActiveCfg = Release|Any CPU
		{C67912F0-6215-456E-89F4-AA46D658F5C0}.Release|Any CPU.Build.0 = Release|Any CPU
		{E630C341-26C9-47C0-98B0-9AAEC69429C5}.Debug|Any CPU.ActiveCfg = Debug|Any CPU
		{E630C341-26C9-47C0-98B0-9AAEC69429C5}.Debug|Any CPU.Build.0 = Debug|Any CPU
		{E630C341-26C9-47C0-98B0-9AAEC69429C5}.Release|Any CPU.ActiveCfg = Release|Any CPU
		{E630C341-26C9-47C0-98B0-9AAEC69429C5}.Release|Any CPU.Build.0 = Release|Any CPU
	EndGlobalSection
EndGlobal
